
Microsoft Visual Studio Solution File, Format Version 12.00
# Visual Studio Version 16
VisualStudioVersion = 16.0.808.4
MinimumVisualStudioVersion = 10.0.40219.1
Project("{FAE04EC0-301F-11D3-BF4B-00C04F79EFBC}") = "laba_15", "laba_15\laba_15.csproj", "{363A41B5-E619-4D0F-B0D1-3ED0032B806D}"
EndProject
Global
	GlobalSection(SolutionConfigurationPlatforms) = preSolution
		Debug|Any CPU = Debug|Any CPU
		Release|Any CPU = Release|Any CPU
	EndGlobalSection
	GlobalSection(ProjectConfigurationPlatforms) = postSolution
		{363A41B5-E619-4D0F-B0D1-3ED0032B806D}.Debug|Any CPU.ActiveCfg = Debug|Any CPU
		{363A41B5-E619-4D0F-B0D1-3ED0032B806D}.Debug|Any CPU.Build.0 = Debug|Any CPU
		{363A41B5-E619-4D0F-B0D1-3ED0032B806D}.Release|Any CPU.ActiveCfg = Release|Any CPU
		{363A41B5-E619-4D0F-B0D1-3ED0032B806D}.Release|Any CPU.Build.0 = Release|Any CPU
	EndGlobalSection
	GlobalSection(SolutionProperties) = preSolution
		HideSolutionNode = FALSE
	EndGlobalSection
	GlobalSection(ExtensibilityGlobals) = postSolution
		SolutionGuid = {24F5EADB-FD90-47CD-972D-4E837038AA44}
	EndGlobalSection
EndGlobal
